
Microsoft Visual Studio Solution File, Format Version 12.00
# Visual Studio 15
VisualStudioVersion = 15.0.28307.572
MinimumVisualStudioVersion = 10.0.40219.1
Project("{9092AA53-FB77-4645-B42D-1CCCA6BD08BD}") = "calculatorProj", "NodejsConsoleApp1\calculatorProj.njsproj", "{0625A289-2465-4450-9179-62798A75FBD8}"
EndProject
Global
	GlobalSection(SolutionConfigurationPlatforms) = preSolution
		Debug|Any CPU = Debug|Any CPU
		Release|Any CPU = Release|Any CPU
	EndGlobalSection
	GlobalSection(ProjectConfigurationPlatforms) = postSolution
		{0625A289-2465-4450-9179-62798A75FBD8}.Debug|Any CPU.ActiveCfg = Debug|Any CPU
		{0625A289-2465-4450-9179-62798A75FBD8}.Debug|Any CPU.Build.0 = Debug|Any CPU
		{0625A289-2465-4450-9179-62798A75FBD8}.Release|Any CPU.ActiveCfg = Release|Any CPU
		{0625A289-2465-4450-9179-62798A75FBD8}.Release|Any CPU.Build.0 = Release|Any CPU
	EndGlobalSection
	GlobalSection(SolutionProperties) = preSolution
		HideSolutionNode = FALSE
	EndGlobalSection
	GlobalSection(ExtensibilityGlobals) = postSolution
		SolutionGuid = {23810EDF-CE38-4842-9DCD-AED82822B6BD}
	EndGlobalSection
EndGlobal
